<Solution>
  <Configurations>
    <BuildType Name="Debug" />
    <BuildType Name="Release" />
    <Platform Name="AnyCPU" />
    <Platform Name="x64" />
    <Platform Name="ARM64" />
  </Configurations>
  <Project Path="src/PclNex.EasyTierLobby/PclNex.EasyTierLobby.csproj" Type="C#" />
  <Project Path="tests/PclNex.EasyTierLobby.Smoke/PclNex.EasyTierLobby.Smoke.csproj" Type="C#" />
  <Project Path="tests/PclNex.EasyTierLobby.UiSmoke/PclNex.EasyTierLobby.UiSmoke.csproj" Type="C#" />
</Solution>